// !$*UTF8*$!
{
	archiveVersion = 1;
	classes = {
	};
	objectVersion = 55;
	objects = {

/* Begin PBXBuildFile section */
		79AAA9CF281D990000AB3CB4 /* DogGramUdemyApp.swift in Sources */ = {isa = PBXBuildFile; fileRef = 79AAA9CE281D990000AB3CB4 /* DogGramUdemyApp.swift */; };
		79AAA9D1281D990000AB3CB4 /* ContentView.swift in Sources */ = {isa = PBXBuildFile; fileRef = 79AAA9D0281D990000AB3CB4 /* ContentView.swift */; };
		79AAA9D3281D990100AB3CB4 /* Assets.xcassets in Resources */ = {isa = PBXBuildFile; fileRef = 79AAA9D2281D990100AB3CB4 /* Assets.xcassets */; };
		79AAA9D6281D990100AB3CB4 /* Preview Assets.xcassets in Resources */ = {isa = PBXBuildFile; fileRef = 79AAA9D5281D990100AB3CB4 /* Preview Assets.xcassets */; };
		79AAA9DE281D9ADA00AB3CB4 /* LaunchScreen.storyboard in Resources */ = {isa = PBXBuildFile; fileRef = 79AAA9DD281D9ADA00AB3CB4 /* LaunchScreen.storyboard */; };
		79AAA9E4281D9D9200AB3CB4 /* Color.swift in Sources */ = {isa = PBXBuildFile; fileRef = 79AAA9E3281D9D9200AB3CB4 /* Color.swift */; };
		79AAA9E6281D9E6F00AB3CB4 /* FeedView.swift in Sources */ = {isa = PBXBuildFile; fileRef = 79AAA9E5281D9E6F00AB3CB4 /* FeedView.swift */; };
		79AAA9E8281D9EE400AB3CB4 /* PostView.swift in Sources */ = {isa = PBXBuildFile; fileRef = 79AAA9E7281D9EE400AB3CB4 /* PostView.swift */; };
		79AAA9EC281DA18F00AB3CB4 /* PostModel.swift in Sources */ = {isa = PBXBuildFile; fileRef = 79AAA9EB281DA18F00AB3CB4 /* PostModel.swift */; };
		79AAA9EE281DA38F00AB3CB4 /* PostViewModel.swift in Sources */ = {isa = PBXBuildFile; fileRef = 79AAA9ED281DA38F00AB3CB4 /* PostViewModel.swift */; };
		79AAA9F0281DA48200AB3CB4 /* CommentsView.swift in Sources */ = {isa = PBXBuildFile; fileRef = 79AAA9EF281DA48200AB3CB4 /* CommentsView.swift */; };
		79AAA9F2281DA59F00AB3CB4 /* MessageView.swift in Sources */ = {isa = PBXBuildFile; fileRef = 79AAA9F1281DA59F00AB3CB4 /* MessageView.swift */; };
		79AAA9F4281DA65A00AB3CB4 /* ComentModel.swift in Sources */ = {isa = PBXBuildFile; fileRef = 79AAA9F3281DA65A00AB3CB4 /* ComentModel.swift */; };
		79AAA9F6281DA74600AB3CB4 /* CommentViewModel.swift in Sources */ = {isa = PBXBuildFile; fileRef = 79AAA9F5281DA74600AB3CB4 /* CommentViewModel.swift */; };
		79AAA9F8281DA92900AB3CB4 /* BrowseView.swift in Sources */ = {isa = PBXBuildFile; fileRef = 79AAA9F7281DA92900AB3CB4 /* BrowseView.swift */; };
		79AAA9FA281DA99200AB3CB4 /* CarouselView.swift in Sources */ = {isa = PBXBuildFile; fileRef = 79AAA9F9281DA99200AB3CB4 /* CarouselView.swift */; };
		79AAA9FC281DCA9300AB3CB4 /* ImageGridView.swift in Sources */ = {isa = PBXBuildFile; fileRef = 79AAA9FB281DCA9300AB3CB4 /* ImageGridView.swift */; };
		79AAA9FE281DCF3A00AB3CB4 /* UploadView.swift in Sources */ = {isa = PBXBuildFile; fileRef = 79AAA9FD281DCF3A00AB3CB4 /* UploadView.swift */; };
		79AAAA00281DD11D00AB3CB4 /* ImagePicker.swift in Sources */ = {isa = PBXBuildFile; fileRef = 79AAA9FF281DD11D00AB3CB4 /* ImagePicker.swift */; };
/* End PBXBuildFile section */

/* Begin PBXFileReference section */
		79AAA9CB281D990000AB3CB4 /* DogGramUdemy.app */ = {isa = PBXFileReference; explicitFileType = wrapper.application; includeInIndex = 0; path = DogGramUdemy.app; sourceTree = BUILT_PRODUCTS_DIR; };
		79AAA9CE281D990000AB3CB4 /* DogGramUdemyApp.swift */ = {isa = PBXFileReference; lastKnownFileType = sourcecode.swift; path = DogGramUdemyApp.swift; sourceTree = "<group>"; };
		79AAA9D0281D990000AB3CB4 /* ContentView.swift */ = {isa = PBXFileReference; lastKnownFileType = sourcecode.swift; path = ContentView.swift; sourceTree = "<group>"; };
		79AAA9D2281D990100AB3CB4 /* Assets.xcassets */ = {isa = PBXFileReference; lastKnownFileType = folder.assetcatalog; path = Assets.xcassets; sourceTree = "<group>"; };
		79AAA9D5281D990100AB3CB4 /* Preview Assets.xcassets */ = {isa = PBXFileReference; lastKnownFileType = folder.assetcatalog; path = "Preview Assets.xcassets"; sourceTree = "<group>"; };
		79AAA9DD281D9ADA00AB3CB4 /* LaunchScreen.storyboard */ = {isa = PBXFileReference; lastKnownFileType = file.storyboard; path = LaunchScreen.storyboard; sourceTree = "<group>"; };
		79AAA9E3281D9D9200AB3CB4 /* Color.swift */ = {isa = PBXFileReference; lastKnownFileType = sourcecode.swift; path = Color.swift; sourceTree = "<group>"; };
		79AAA9E5281D9E6F00AB3CB4 /* FeedView.swift */ = {isa = PBXFileReference; lastKnownFileType = sourcecode.swift; path = FeedView.swift; sourceTree = "<group>"; };
		79AAA9E7281D9EE400AB3CB4 /* PostView.swift */ = {isa = PBXFileReference; lastKnownFileType = sourcecode.swift; path = PostView.swift; sourceTree = "<group>"; };
		79AAA9EB281DA18F00AB3CB4 /* PostModel.swift */ = {isa = PBXFileReference; lastKnownFileType = sourcecode.swift; path = PostModel.swift; sourceTree = "<group>"; };
		79AAA9ED281DA38F00AB3CB4 /* PostViewModel.swift */ = {isa = PBXFileReference; lastKnownFileType = sourcecode.swift; path = PostViewModel.swift; sourceTree = "<group>"; };
		79AAA9EF281DA48200AB3CB4 /* CommentsView.swift */ = {isa = PBXFileReference; lastKnownFileType = sourcecode.swift; path = CommentsView.swift; sourceTree = "<group>"; };
		79AAA9F1281DA59F00AB3CB4 /* MessageView.swift */ = {isa = PBXFileReference; lastKnownFileType = sourcecode.swift; path = MessageView.swift; sourceTree = "<group>"; };
		79AAA9F3281DA65A00AB3CB4 /* ComentModel.swift */ = {isa = PBXFileReference; lastKnownFileType = sourcecode.swift; path = ComentModel.swift; sourceTree = "<group>"; };
		79AAA9F5281DA74600AB3CB4 /* CommentViewModel.swift */ = {isa = PBXFileReference; lastKnownFileType = sourcecode.swift; path = CommentViewModel.swift; sourceTree = "<group>"; };
		79AAA9F7281DA92900AB3CB4 /* BrowseView.swift */ = {isa = PBXFileReference; lastKnownFileType = sourcecode.swift; path = BrowseView.swift; sourceTree = "<group>"; };
		79AAA9F9281DA99200AB3CB4 /* CarouselView.swift */ = {isa = PBXFileReference; lastKnownFileType = sourcecode.swift; path = CarouselView.swift; sourceTree = "<group>"; };
		79AAA9FB281DCA9300AB3CB4 /* ImageGridView.swift */ = {isa = PBXFileReference; lastKnownFileType = sourcecode.swift; path = ImageGridView.swift; sourceTree = "<group>"; };
		79AAA9FD281DCF3A00AB3CB4 /* UploadView.swift */ = {isa = PBXFileReference; lastKnownFileType = sourcecode.swift; path = UploadView.swift; sourceTree = "<group>"; };
		79AAA9FF281DD11D00AB3CB4 /* ImagePicker.swift */ = {isa = PBXFileReference; lastKnownFileType = sourcecode.swift; path = ImagePicker.swift; sourceTree = "<group>"; };
/* End PBXFileReference section */

/* Begin PBXFrameworksBuildPhase section */
		79AAA9C8281D990000AB3CB4 /* Frameworks */ = {
			isa = PBXFrameworksBuildPhase;
			buildActionMask = 2147483647;
			files = (
			);
			runOnlyForDeploymentPostprocessing = 0;
		};
/* End PBXFrameworksBuildPhase section */

/* Begin PBXGroup section */
		79AAA9C2281D990000AB3CB4 = {
			isa = PBXGroup;
			children = (
				79AAA9CD281D990000AB3CB4 /* DogGramUdemy */,
				79AAA9CC281D990000AB3CB4 /* Products */,
			);
			sourceTree = "<group>";
		};
		79AAA9CC281D990000AB3CB4 /* Products */ = {
			isa = PBXGroup;
			children = (
				79AAA9CB281D990000AB3CB4 /* DogGramUdemy.app */,
			);
			name = Products;
			sourceTree = "<group>";
		};
		79AAA9CD281D990000AB3CB4 /* DogGramUdemy */ = {
			isa = PBXGroup;
			children = (
				79AAA9EA281DA18500AB3CB4 /* Models */,
				79AAA9E9281DA17D00AB3CB4 /* ViewModels */,
				79AAA9E2281D9D8B00AB3CB4 /* Extension */,
				79AAA9DD281D9ADA00AB3CB4 /* LaunchScreen.storyboard */,
				79AAA9DF281D9C1E00AB3CB4 /* Views */,
				79AAA9D2281D990100AB3CB4 /* Assets.xcassets */,
				79AAA9D4281D990100AB3CB4 /* Preview Content */,
			);
			path = DogGramUdemy;
			sourceTree = "<group>";
		};
		79AAA9D4281D990100AB3CB4 /* Preview Content */ = {
			isa = PBXGroup;
			children = (
				79AAA9D5281D990100AB3CB4 /* Preview Assets.xcassets */,
			);
			path = "Preview Content";
			sourceTree = "<group>";
		};
		79AAA9DF281D9C1E00AB3CB4 /* Views */ = {
			isa = PBXGroup;
			children = (
				79AAA9E1281D9C2F00AB3CB4 /* Subviews */,
				79AAA9E0281D9C2900AB3CB4 /* Screens */,
			);
			path = Views;
			sourceTree = "<group>";
		};
		79AAA9E0281D9C2900AB3CB4 /* Screens */ = {
			isa = PBXGroup;
			children = (
				79AAA9CE281D990000AB3CB4 /* DogGramUdemyApp.swift */,
				79AAA9D0281D990000AB3CB4 /* ContentView.swift */,
				79AAA9E5281D9E6F00AB3CB4 /* FeedView.swift */,
				79AAA9EF281DA48200AB3CB4 /* CommentsView.swift */,
				79AAA9F7281DA92900AB3CB4 /* BrowseView.swift */,
				79AAA9FD281DCF3A00AB3CB4 /* UploadView.swift */,
			);
			path = Screens;
			sourceTree = "<group>";
		};
		79AAA9E1281D9C2F00AB3CB4 /* Subviews */ = {
			isa = PBXGroup;
			children = (
				79AAA9E7281D9EE400AB3CB4 /* PostView.swift */,
				79AAA9F1281DA59F00AB3CB4 /* MessageView.swift */,
				79AAA9F9281DA99200AB3CB4 /* CarouselView.swift */,
				79AAA9FB281DCA9300AB3CB4 /* ImageGridView.swift */,
				79AAA9FF281DD11D00AB3CB4 /* ImagePicker.swift */,
			);
			path = Subviews;
			sourceTree = "<group>";
		};
		79AAA9E2281D9D8B00AB3CB4 /* Extension */ = {
			isa = PBXGroup;
			children = (
				79AAA9E3281D9D9200AB3CB4 /* Color.swift */,
			);
			path = Extension;
			sourceTree = "<group>";
		};
		79AAA9E9281DA17D00AB3CB4 /* ViewModels */ = {
			isa = PBXGroup;
			children = (
				79AAA9ED281DA38F00AB3CB4 /* PostViewModel.swift */,
				79AAA9F5281DA74600AB3CB4 /* CommentViewModel.swift */,
			);
			path = ViewModels;
			sourceTree = "<group>";
		};
		79AAA9EA281DA18500AB3CB4 /* Models */ = {
			isa = PBXGroup;
			children = (
				79AAA9EB281DA18F00AB3CB4 /* PostModel.swift */,
				79AAA9F3281DA65A00AB3CB4 /* ComentModel.swift */,
			);
			path = Models;
			sourceTree = "<group>";
		};
/* End PBXGroup section */

/* Begin PBXNativeTarget section */
		79AAA9CA281D990000AB3CB4 /* DogGramUdemy */ = {
			isa = PBXNativeTarget;
			buildConfigurationList = 79AAA9D9281D990100AB3CB4 /* Build configuration list for PBXNativeTarget "DogGramUdemy" */;
			buildPhases = (
				79AAA9C7281D990000AB3CB4 /* Sources */,
				79AAA9C8281D990000AB3CB4 /* Frameworks */,
				79AAA9C9281D990000AB3CB4 /* Resources */,
			);
			buildRules = (
			);
			dependencies = (
			);
			name = DogGramUdemy;
			productName = DogGramUdemy;
			productReference = 79AAA9CB281D990000AB3CB4 /* DogGramUdemy.app */;
			productType = "com.apple.product-type.application";
		};
/* End PBXNativeTarget section */

/* Begin PBXProject section */
		79AAA9C3281D990000AB3CB4 /* Project object */ = {
			isa = PBXProject;
			attributes = {
				BuildIndependentTargetsInParallel = 1;
				LastSwiftUpdateCheck = 1330;
				LastUpgradeCheck = 1330;
				TargetAttributes = {
					79AAA9CA281D990000AB3CB4 = {
						CreatedOnToolsVersion = 13.3.1;
					};
				};
			};
			buildConfigurationList = 79AAA9C6281D990000AB3CB4 /* Build configuration list for PBXProject "DogGramUdemy" */;
			compatibilityVersion = "Xcode 13.0";
			developmentRegion = en;
			hasScannedForEncodings = 0;
			knownRegions = (
				en,
				Base,
			);
			mainGroup = 79AAA9C2281D990000AB3CB4;
			productRefGroup = 79AAA9CC281D990000AB3CB4 /* Products */;
			projectDirPath = "";
			projectRoot = "";
			targets = (
				79AAA9CA281D990000AB3CB4 /* DogGramUdemy */,
			);
		};
/* End PBXProject section */

/* Begin PBXResourcesBuildPhase section */
		79AAA9C9281D990000AB3CB4 /* Resources */ = {
			isa = PBXResourcesBuildPhase;
			buildActionMask = 2147483647;
			files = (
				79AAA9DE281D9ADA00AB3CB4 /* LaunchScreen.storyboard in Resources */,
				79AAA9D6281D990100AB3CB4 /* Preview Assets.xcassets in Resources */,
				79AAA9D3281D990100AB3CB4 /* Assets.xcassets in Resources */,
			);
			runOnlyForDeploymentPostprocessing = 0;
		};
/* End PBXResourcesBuildPhase section */

/* Begin PBXSourcesBuildPhase section */
		79AAA9C7281D990000AB3CB4 /* Sources */ = {
			isa = PBXSourcesBuildPhase;
			buildActionMask = 2147483647;
			files = (
				79AAA9E6281D9E6F00AB3CB4 /* FeedView.swift in Sources */,
				79AAA9EE281DA38F00AB3CB4 /* PostViewModel.swift in Sources */,
				79AAA9EC281DA18F00AB3CB4 /* PostModel.swift in Sources */,
				79AAA9F2281DA59F00AB3CB4 /* MessageView.swift in Sources */,
				79AAA9FC281DCA9300AB3CB4 /* ImageGridView.swift in Sources */,
				79AAA9F8281DA92900AB3CB4 /* BrowseView.swift in Sources */,
				79AAA9FE281DCF3A00AB3CB4 /* UploadView.swift in Sources */,
				79AAA9D1281D990000AB3CB4 /* ContentView.swift in Sources */,
				79AAA9FA281DA99200AB3CB4 /* CarouselView.swift in Sources */,
				79AAA9F6281DA74600AB3CB4 /* CommentViewModel.swift in Sources */,
				79AAA9F4281DA65A00AB3CB4 /* ComentModel.swift in Sources */,
				79AAA9CF281D990000AB3CB4 /* DogGramUdemyApp.swift in Sources */,
				79AAA9E8281D9EE400AB3CB4 /* PostView.swift in Sources */,
				79AAAA00281DD11D00AB3CB4 /* ImagePicker.swift in Sources */,
				79AAA9F0281DA48200AB3CB4 /* CommentsView.swift in Sources */,
				79AAA9E4281D9D9200AB3CB4 /* Color.swift in Sources */,
			);
			runOnlyForDeploymentPostprocessing = 0;
		};
/* End PBXSourcesBuildPhase section */

/* Begin XCBuildConfiguration section */
		79AAA9D7281D990100AB3CB4 /* Debug */ = {
			isa = XCBuildConfiguration;
			buildSettings = {
				ALWAYS_SEARCH_USER_PATHS = NO;
				CLANG_ANALYZER_NONNULL = YES;
				CLANG_ANALYZER_NUMBER_OBJECT_CONVERSION = YES_AGGRESSIVE;
				CLANG_CXX_LANGUAGE_STANDARD = "gnu++17";
				CLANG_ENABLE_MODULES = YES;
				CLANG_ENABLE_OBJC_ARC = YES;
				CLANG_ENABLE_OBJC_WEAK = YES;
				CLANG_WARN_BLOCK_CAPTURE_AUTORELEASING = YES;
				CLANG_WARN_BOOL_CONVERSION = YES;
				CLANG_WARN_COMMA = YES;
				CLANG_WARN_CONSTANT_CONVERSION = YES;
				CLANG_WARN_DEPRECATED_OBJC_IMPLEMENTATIONS = YES;
				CLANG_WARN_DIRECT_OBJC_ISA_USAGE = YES_ERROR;
				CLANG_WARN_DOCUMENTATION_COMMENTS = YES;
				CLANG_WARN_EMPTY_BODY = YES;
				CLANG_WARN_ENUM_CONVERSION = YES;
				CLANG_WARN_INFINITE_RECURSION = YES;
				CLANG_WARN_INT_CONVERSION = YES;
				CLANG_WARN_NON_LITERAL_NULL_CONVERSION = YES;
				CLANG_WARN_OBJC_IMPLICIT_RETAIN_SELF = YES;
				CLANG_WARN_OBJC_LITERAL_CONVERSION = YES;
				CLANG_WARN_OBJC_ROOT_CLASS = YES_ERROR;
				CLANG_WARN_QUOTED_INCLUDE_IN_FRAMEWORK_HEADER = YES;
				CLANG_WARN_RANGE_LOOP_ANALYSIS = YES;
				CLANG_WARN_STRICT_PROTOTYPES = YES;
				CLANG_WARN_SUSPICIOUS_MOVE = YES;
				CLANG_WARN_UNGUARDED_AVAILABILITY = YES_AGGRESSIVE;
				CLANG_WARN_UNREACHABLE_CODE = YES;
				CLANG_WARN__DUPLICATE_METHOD_MATCH = YES;
				COPY_PHASE_STRIP = NO;
				DEBUG_INFORMATION_FORMAT = dwarf;
				ENABLE_STRICT_OBJC_MSGSEND = YES;
				ENABLE_TESTABILITY = YES;
				GCC_C_LANGUAGE_STANDARD = gnu11;
				GCC_DYNAMIC_NO_PIC = NO;
				GCC_NO_COMMON_BLOCKS = YES;
				GCC_OPTIMIZATION_LEVEL = 0;
				GCC_PREPROCESSOR_DEFINITIONS = (
					"DEBUG=1",
					"$(inherited)",
				);
				GCC_WARN_64_TO_32_BIT_CONVERSION = YES;
				GCC_WARN_ABOUT_RETURN_TYPE = YES_ERROR;
				GCC_WARN_UNDECLARED_SELECTOR = YES;
				GCC_WARN_UNINITIALIZED_AUTOS = YES_AGGRESSIVE;
				GCC_WARN_UNUSED_FUNCTION = YES;
				GCC_WARN_UNUSED_VARIABLE = YES;
				IPHONEOS_DEPLOYMENT_TARGET = 15.4;
				MTL_ENABLE_DEBUG_INFO = INCLUDE_SOURCE;
				MTL_FAST_MATH = YES;
				ONLY_ACTIVE_ARCH = YES;
				SDKROOT = iphoneos;
				SWIFT_ACTIVE_COMPILATION_CONDITIONS = DEBUG;
				SWIFT_OPTIMIZATION_LEVEL = "-Onone";
			};
			name = Debug;
		};
		79AAA9D8281D990100AB3CB4 /* Release */ = {
			isa = XCBuildConfiguration;
			buildSettings = {
				ALWAYS_SEARCH_USER_PATHS = NO;
				CLANG_ANALYZER_NONNULL = YES;
				CLANG_ANALYZER_NUMBER_OBJECT_CONVERSION = YES_AGGRESSIVE;
				CLANG_CXX_LANGUAGE_STANDARD = "gnu++17";
				CLANG_ENABLE_MODULES = YES;
				CLANG_ENABLE_OBJC_ARC = YES;
				CLANG_ENABLE_OBJC_WEAK = YES;
				CLANG_WARN_BLOCK_CAPTURE_AUTORELEASING = YES;
				CLANG_WARN_BOOL_CONVERSION = YES;
				CLANG_WARN_COMMA = YES;
				CLANG_WARN_CONSTANT_CONVERSION = YES;
				CLANG_WARN_DEPRECATED_OBJC_IMPLEMENTATIONS = YES;
				CLANG_WARN_DIRECT_OBJC_ISA_USAGE = YES_ERROR;
				CLANG_WARN_DOCUMENTATION_COMMENTS = YES;
				CLANG_WARN_EMPTY_BODY = YES;
				CLANG_WARN_ENUM_CONVERSION = YES;
				CLANG_WARN_INFINITE_RECURSION = YES;
				CLANG_WARN_INT_CONVERSION = YES;
				CLANG_WARN_NON_LITERAL_NULL_CONVERSION = YES;
				CLANG_WARN_OBJC_IMPLICIT_RETAIN_SELF = YES;
				CLANG_WARN_OBJC_LITERAL_CONVERSION = YES;
				CLANG_WARN_OBJC_ROOT_CLASS = YES_ERROR;
				CLANG_WARN_QUOTED_INCLUDE_IN_FRAMEWORK_HEADER = YES;
				CLANG_WARN_RANGE_LOOP_ANALYSIS = YES;
				CLANG_WARN_STRICT_PROTOTYPES = YES;
				CLANG_WARN_SUSPICIOUS_MOVE = YES;
				CLANG_WARN_UNGUARDED_AVAILABILITY = YES_AGGRESSIVE;
				CLANG_WARN_UNREACHABLE_CODE = YES;
				CLANG_WARN__DUPLICATE_METHOD_MATCH = YES;
				COPY_PHASE_STRIP = NO;
				DEBUG_INFORMATION_FORMAT = "dwarf-with-dsym";
				ENABLE_NS_ASSERTIONS = NO;
				ENABLE_STRICT_OBJC_MSGSEND = YES;
				GCC_C_LANGUAGE_STANDARD = gnu11;
				GCC_NO_COMMON_BLOCKS = YES;
				GCC_WARN_64_TO_32_BIT_CONVERSION = YES;
				GCC_WARN_ABOUT_RETURN_TYPE = YES_ERROR;
				GCC_WARN_UNDECLARED_SELECTOR = YES;
				GCC_WARN_UNINITIALIZED_AUTOS = YES_AGGRESSIVE;
				GCC_WARN_UNUSED_FUNCTION = YES;
				GCC_WARN_UNUSED_VARIABLE = YES;
				IPHONEOS_DEPLOYMENT_TARGET = 15.4;
				MTL_ENABLE_DEBUG_INFO = NO;
				MTL_FAST_MATH = YES;
				SDKROOT = iphoneos;
				SWIFT_COMPILATION_MODE = wholemodule;
				SWIFT_OPTIMIZATION_LEVEL = "-O";
				VALIDATE_PRODUCT = YES;
			};
			name = Release;
		};
		79AAA9DA281D990100AB3CB4 /* Debug */ = {
			isa = XCBuildConfiguration;
			buildSettings = {
				ASSETCATALOG_COMPILER_APPICON_NAME = AppIcon;
				ASSETCATALOG_COMPILER_GLOBAL_ACCENT_COLOR_NAME = AccentColor;
				CODE_SIGN_STYLE = Automatic;
				CURRENT_PROJECT_VERSION = 1;
				DEVELOPMENT_ASSET_PATHS = "\"DogGramUdemy/Preview Content\"";
				DEVELOPMENT_TEAM = SRJSV34WBB;
				ENABLE_PREVIEWS = YES;
				GENERATE_INFOPLIST_FILE = YES;
				INFOPLIST_KEY_UIApplicationSceneManifest_Generation = YES;
				INFOPLIST_KEY_UIApplicationSupportsIndirectInputEvents = YES;
				INFOPLIST_KEY_UILaunchScreen_Generation = YES;
				INFOPLIST_KEY_UILaunchStoryboardName = LaunchScreen;
				INFOPLIST_KEY_UISupportedInterfaceOrientations_iPad = "UIInterfaceOrientationPortrait UIInterfaceOrientationPortraitUpsideDown UIInterfaceOrientationLandscapeLeft UIInterfaceOrientationLandscapeRight";
				INFOPLIST_KEY_UISupportedInterfaceOrientations_iPhone = "UIInterfaceOrientationPortrait UIInterfaceOrientationLandscapeLeft UIInterfaceOrientationLandscapeRight";
				LD_RUNPATH_SEARCH_PATHS = (
					"$(inherited)",
					"@executable_path/Frameworks",
				);
				MARKETING_VERSION = 1.0;
				PRODUCT_BUNDLE_IDENTIFIER = devleeky16498.DogGramUdemy;
				PRODUCT_NAME = "$(TARGET_NAME)";
				SWIFT_EMIT_LOC_STRINGS = YES;
				SWIFT_VERSION = 5.0;
				TARGETED_DEVICE_FAMILY = "1,2";
			};
			name = Debug;
		};
		79AAA9DB281D990100AB3CB4 /* Release */ = {
			isa = XCBuildConfiguration;
			buildSettings = {
				ASSETCATALOG_COMPILER_APPICON_NAME = AppIcon;
				ASSETCATALOG_COMPILER_GLOBAL_ACCENT_COLOR_NAME = AccentColor;
				CODE_SIGN_STYLE = Automatic;
				CURRENT_PROJECT_VERSION = 1;
				DEVELOPMENT_ASSET_PATHS = "\"DogGramUdemy/Preview Content\"";
				DEVELOPMENT_TEAM = SRJSV34WBB;
				ENABLE_PREVIEWS = YES;
				GENERATE_INFOPLIST_FILE = YES;
				INFOPLIST_KEY_UIApplicationSceneManifest_Generation = YES;
				INFOPLIST_KEY_UIApplicationSupportsIndirectInputEvents = YES;
				INFOPLIST_KEY_UILaunchScreen_Generation = YES;
				INFOPLIST_KEY_UILaunchStoryboardName = LaunchScreen;
				INFOPLIST_KEY_UISupportedInterfaceOrientations_iPad = "UIInterfaceOrientationPortrait UIInterfaceOrientationPortraitUpsideDown UIInterfaceOrientationLandscapeLeft UIInterfaceOrientationLandscapeRight";
				INFOPLIST_KEY_UISupportedInterfaceOrientations_iPhone = "UIInterfaceOrientationPortrait UIInterfaceOrientationLandscapeLeft UIInterfaceOrientationLandscapeRight";
				LD_RUNPATH_SEARCH_PATHS = (
					"$(inherited)",
					"@executable_path/Frameworks",
				);
				MARKETING_VERSION = 1.0;
				PRODUCT_BUNDLE_IDENTIFIER = devleeky16498.DogGramUdemy;
				PRODUCT_NAME = "$(TARGET_NAME)";
				SWIFT_EMIT_LOC_STRINGS = YES;
				SWIFT_VERSION = 5.0;
				TARGETED_DEVICE_FAMILY = "1,2";
			};
			name = Release;
		};
/* End XCBuildConfiguration section */

/* Begin XCConfigurationList section */
		79AAA9C6281D990000AB3CB4 /* Build configuration list for PBXProject "DogGramUdemy" */ = {
			isa = XCConfigurationList;
			buildConfigurations = (
				79AAA9D7281D990100AB3CB4 /* Debug */,
				79AAA9D8281D990100AB3CB4 /* Release */,
			);
			defaultConfigurationIsVisible = 0;
			defaultConfigurationName = Release;
		};
		79AAA9D9281D990100AB3CB4 /* Build configuration list for PBXNativeTarget "DogGramUdemy" */ = {
			isa = XCConfigurationList;
			buildConfigurations = (
				79AAA9DA281D990100AB3CB4 /* Debug */,
				79AAA9DB281D990100AB3CB4 /* Release */,
			);
			defaultConfigurationIsVisible = 0;
			defaultConfigurationName = Release;
		};
/* End XCConfigurationList section */
	};
	rootObject = 79AAA9C3281D990000AB3CB4 /* Project object */;
}
